// !$*UTF8*$!
{
	archiveVersion = 1;
	classes = {
	};
	objectVersion = 42;
	objects = {

/* Begin PBXBuildFile section */
		7D7373310FEC8CAF00CD26D5 /* GLUT.framework in Frameworks */ = {isa = PBXBuildFile; fileRef = 7D7373300FEC8CAF00CD26D5 /* GLUT.framework */; };
		7D7373350FEC8CBA00CD26D5 /* OpenGL.framework in Frameworks */ = {isa = PBXBuildFile; fileRef = 7D7373340FEC8CBA00CD26D5 /* OpenGL.framework */; };
		7DE356CD10FDD515006AA645 /* simple.vert in Resources */ = {isa = PBXBuildFile; fileRef = 7DEA89D310F75C3D006D7C19 /* simple.vert */; };
		7DE356CE10FDD515006AA645 /* simple.frag in Resources */ = {isa = PBXBuildFile; fileRef = 7DEA89D210F75C3D006D7C19 /* simple.frag */; };
		7DE356CF10FDD515006AA645 /* bunny_s.obj in Resources */ = {isa = PBXBuildFile; fileRef = 7D66826A10FC9410002C0AF6 /* bunny_s.obj */; };
		7DE356D010FDD515006AA645 /* bunny_m.obj in Resources */ = {isa = PBXBuildFile; fileRef = 7D66826910FC9410002C0AF6 /* bunny_m.obj */; };
		7DE356D110FDD515006AA645 /* bunny_l.obj in Resources */ = {isa = PBXBuildFile; fileRef = 7DEA89D110F75C3D006D7C19 /* bunny_l.obj */; };
		7DEA89CC10F75C2E006D7C19 /* main.cpp in Sources */ = {isa = PBXBuildFile; fileRef = 7DEA89C710F75C2E006D7C19 /* main.cpp */; };
		7DEA89CD10F75C2E006D7C19 /* Obj.cpp in Sources */ = {isa = PBXBuildFile; fileRef = 7DEA89C810F75C2E006D7C19 /* Obj.cpp */; };
		7DEA89CE10F75C2E006D7C19 /* shadersource.cpp in Sources */ = {isa = PBXBuildFile; fileRef = 7DEA89CA10F75C2E006D7C19 /* shadersource.cpp */; };
/* End PBXBuildFile section */

/* Begin PBXFileReference section */
		7D66826910FC9410002C0AF6 /* bunny_m.obj */ = {isa = PBXFileReference; fileEncoding = 4; lastKnownFileType = text; path = bunny_m.obj; sourceTree = "<group>"; };
		7D66826A10FC9410002C0AF6 /* bunny_s.obj */ = {isa = PBXFileReference; fileEncoding = 4; lastKnownFileType = text; path = bunny_s.obj; sourceTree = "<group>"; };
		7D7373290FEC860400CD26D5 /* winter03.app */ = {isa = PBXFileReference; explicitFileType = wrapper.application; includeInIndex = 0; path = winter03.app; sourceTree = BUILT_PRODUCTS_DIR; };
		7D73732C0FEC860400CD26D5 /* Info.plist */ = {isa = PBXFileReference; lastKnownFileType = text.plist.xml; path = Info.plist; sourceTree = "<group>"; };
		7D7373300FEC8CAF00CD26D5 /* GLUT.framework */ = {isa = PBXFileReference; lastKnownFileType = wrapper.framework; name = GLUT.framework; path = /System/Library/Frameworks/GLUT.framework; sourceTree = "<absolute>"; };
		7D7373340FEC8CBA00CD26D5 /* OpenGL.framework */ = {isa = PBXFileReference; lastKnownFileType = wrapper.framework; name = OpenGL.framework; path = /System/Library/Frameworks/OpenGL.framework; sourceTree = "<absolute>"; };
		7DEA89C710F75C2E006D7C19 /* main.cpp */ = {isa = PBXFileReference; fileEncoding = 4; lastKnownFileType = sourcecode.cpp.cpp; path = main.cpp; sourceTree = "<group>"; };
		7DEA89C810F75C2E006D7C19 /* Obj.cpp */ = {isa = PBXFileReference; fileEncoding = 4; lastKnownFileType = sourcecode.cpp.cpp; path = Obj.cpp; sourceTree = "<group>"; };
		7DEA89C910F75C2E006D7C19 /* Obj.h */ = {isa = PBXFileReference; fileEncoding = 4; lastKnownFileType = sourcecode.c.h; path = Obj.h; sourceTree = "<group>"; };
		7DEA89CA10F75C2E006D7C19 /* shadersource.cpp */ = {isa = PBXFileReference; fileEncoding = 4; lastKnownFileType = sourcecode.cpp.cpp; path = shadersource.cpp; sourceTree = "<group>"; };
		7DEA89CB10F75C2E006D7C19 /* shadersource.h */ = {isa = PBXFileReference; fileEncoding = 4; lastKnownFileType = sourcecode.c.h; path = shadersource.h; sourceTree = "<group>"; };
		7DEA89D110F75C3D006D7C19 /* bunny_l.obj */ = {isa = PBXFileReference; fileEncoding = 4; lastKnownFileType = text; path = bunny_l.obj; sourceTree = "<group>"; };
		7DEA89D210F75C3D006D7C19 /* simple.frag */ = {isa = PBXFileReference; fileEncoding = 4; lastKnownFileType = sourcecode.glsl; path = simple.frag; sourceTree = "<group>"; };
		7DEA89D310F75C3D006D7C19 /* simple.vert */ = {isa = PBXFileReference; fileEncoding = 4; lastKnownFileType = sourcecode.glsl; path = simple.vert; sourceTree = "<group>"; };
/* End PBXFileReference section */

/* Begin PBXFrameworksBuildPhase section */
		7D7373270FEC860400CD26D5 /* Frameworks */ = {
			isa = PBXFrameworksBuildPhase;
			buildActionMask = 2147483647;
			files = (
				7D7373310FEC8CAF00CD26D5 /* GLUT.framework in Frameworks */,
				7D7373350FEC8CBA00CD26D5 /* OpenGL.framework in Frameworks */,
			);
			runOnlyForDeploymentPostprocessing = 0;
		};
/* End PBXFrameworksBuildPhase section */

/* Begin PBXGroup section */
		7D73731A0FEC85D400CD26D5 = {
			isa = PBXGroup;
			children = (
				7DEA89C710F75C2E006D7C19 /* main.cpp */,
				7DEA89CB10F75C2E006D7C19 /* shadersource.h */,
				7DEA89CA10F75C2E006D7C19 /* shadersource.cpp */,
				7DEA89C910F75C2E006D7C19 /* Obj.h */,
				7DEA89C810F75C2E006D7C19 /* Obj.cpp */,
				7DEA89D310F75C3D006D7C19 /* simple.vert */,
				7DEA89D210F75C3D006D7C19 /* simple.frag */,
				7D66826A10FC9410002C0AF6 /* bunny_s.obj */,
				7D66826910FC9410002C0AF6 /* bunny_m.obj */,
				7DEA89D110F75C3D006D7C19 /* bunny_l.obj */,
				7D7373340FEC8CBA00CD26D5 /* OpenGL.framework */,
				7D7373300FEC8CAF00CD26D5 /* GLUT.framework */,
				7D73732A0FEC860400CD26D5 /* Products */,
				7D73732C0FEC860400CD26D5 /* Info.plist */,
			);
			sourceTree = "<group>";
		};
		7D73732A0FEC860400CD26D5 /* Products */ = {
			isa = PBXGroup;
			children = (
				7D7373290FEC860400CD26D5 /* winter03.app */,
			);
			name = Products;
			sourceTree = "<group>";
		};
/* End PBXGroup section */

/* Begin PBXNativeTarget section */
		7D7373280FEC860400CD26D5 /* winter03 */ = {
			isa = PBXNativeTarget;
			buildConfigurationList = 7D73732F0FEC860500CD26D5 /* Build configuration list for PBXNativeTarget "winter03" */;
			buildPhases = (
				7D7373250FEC860400CD26D5 /* Resources */,
				7D7373260FEC860400CD26D5 /* Sources */,
				7D7373270FEC860400CD26D5 /* Frameworks */,
			);
			buildRules = (
			);
			dependencies = (
			);
			name = winter03;
			productName = winter03;
			productReference = 7D7373290FEC860400CD26D5 /* winter03.app */;
			productType = "com.apple.product-type.application";
		};
/* End PBXNativeTarget section */

/* Begin PBXProject section */
		7D73731C0FEC85D400CD26D5 /* Project object */ = {
			isa = PBXProject;
			buildConfigurationList = 7D73731F0FEC85D400CD26D5 /* Build configuration list for PBXProject "winter03" */;
			compatibilityVersion = "Xcode 2.4";
			hasScannedForEncodings = 0;
			mainGroup = 7D73731A0FEC85D400CD26D5;
			productRefGroup = 7D73732A0FEC860400CD26D5 /* Products */;
			projectDirPath = "";
			projectRoot = "";
			targets = (
				7D7373280FEC860400CD26D5 /* winter03 */,
			);
		};
/* End PBXProject section */

/* Begin PBXResourcesBuildPhase section */
		7D7373250FEC860400CD26D5 /* Resources */ = {
			isa = PBXResourcesBuildPhase;
			buildActionMask = 2147483647;
			files = (
				7DE356CD10FDD515006AA645 /* simple.vert in Resources */,
				7DE356CE10FDD515006AA645 /* simple.frag in Resources */,
				7DE356CF10FDD515006AA645 /* bunny_s.obj in Resources */,
				7DE356D010FDD515006AA645 /* bunny_m.obj in Resources */,
				7DE356D110FDD515006AA645 /* bunny_l.obj in Resources */,
			);
			runOnlyForDeploymentPostprocessing = 0;
		};
/* End PBXResourcesBuildPhase section */

/* Begin PBXSourcesBuildPhase section */
		7D7373260FEC860400CD26D5 /* Sources */ = {
			isa = PBXSourcesBuildPhase;
			buildActionMask = 2147483647;
			files = (
				7DEA89CC10F75C2E006D7C19 /* main.cpp in Sources */,
				7DEA89CD10F75C2E006D7C19 /* Obj.cpp in Sources */,
				7DEA89CE10F75C2E006D7C19 /* shadersource.cpp in Sources */,
			);
			runOnlyForDeploymentPostprocessing = 0;
		};
/* End PBXSourcesBuildPhase section */

/* Begin XCBuildConfiguration section */
		7D73731D0FEC85D400CD26D5 /* Debug */ = {
			isa = XCBuildConfiguration;
			buildSettings = {
				COPY_PHASE_STRIP = NO;
			};
			name = Debug;
		};
		7D73731E0FEC85D400CD26D5 /* Release */ = {
			isa = XCBuildConfiguration;
			buildSettings = {
				COPY_PHASE_STRIP = YES;
			};
			name = Release;
		};
		7D73732D0FEC860500CD26D5 /* Debug */ = {
			isa = XCBuildConfiguration;
			buildSettings = {
				ALWAYS_SEARCH_USER_PATHS = NO;
				COPY_PHASE_STRIP = NO;
				GCC_PRECOMPILE_PREFIX_HEADER = YES;
				INFOPLIST_FILE = Info.plist;
				INSTALL_PATH = "$(HOME)/Applications";
				OTHER_LDFLAGS = "";
				PREBINDING = NO;
				PRODUCT_NAME = winter03;
			};
			name = Debug;
		};
		7D73732E0FEC860500CD26D5 /* Release */ = {
			isa = XCBuildConfiguration;
			buildSettings = {
				ALWAYS_SEARCH_USER_PATHS = NO;
				COPY_PHASE_STRIP = YES;
				DEBUG_INFORMATION_FORMAT = "dwarf-with-dsym";
				GCC_ENABLE_FIX_AND_CONTINUE = NO;
				GCC_PRECOMPILE_PREFIX_HEADER = YES;
				INFOPLIST_FILE = Info.plist;
				INSTALL_PATH = "$(HOME)/Applications";
				OTHER_LDFLAGS = "";
				PREBINDING = NO;
				PRODUCT_NAME = winter03;
				ZERO_LINK = NO;
			};
			name = Release;
		};
/* End XCBuildConfiguration section */

/* Begin XCConfigurationList section */
		7D73731F0FEC85D400CD26D5 /* Build configuration list for PBXProject "winter03" */ = {
			isa = XCConfigurationList;
			buildConfigurations = (
				7D73731D0FEC85D400CD26D5 /* Debug */,
				7D73731E0FEC85D400CD26D5 /* Release */,
			);
			defaultConfigurationIsVisible = 0;
			defaultConfigurationName = Release;
		};
		7D73732F0FEC860500CD26D5 /* Build configuration list for PBXNativeTarget "winter03" */ = {
			isa = XCConfigurationList;
			buildConfigurations = (
				7D73732D0FEC860500CD26D5 /* Debug */,
				7D73732E0FEC860500CD26D5 /* Release */,
			);
			defaultConfigurationIsVisible = 0;
			defaultConfigurationName = Release;
		};
/* End XCConfigurationList section */
	};
	rootObject = 7D73731C0FEC85D400CD26D5 /* Project object */;
}
